// !$*UTF8*$!
{
	archiveVersion = 1;
	classes = {
	};
	objectVersion = 56;
	objects = {

/* Begin PBXBuildFile section */
		1A436964296EED9700A09C26 /* eyetick2App.swift in Sources */ = {isa = PBXBuildFile; fileRef = 1A436963296EED9700A09C26 /* eyetick2App.swift */; };
		1A436966296EED9700A09C26 /* ContentView.swift in Sources */ = {isa = PBXBuildFile; fileRef = 1A436965296EED9700A09C26 /* ContentView.swift */; };
		1A436968296EED9800A09C26 /* Assets.xcassets in Resources */ = {isa = PBXBuildFile; fileRef = 1A436967296EED9800A09C26 /* Assets.xcassets */; };
		1A43696C296EED9800A09C26 /* Preview Assets.xcassets in Resources */ = {isa = PBXBuildFile; fileRef = 1A43696B296EED9800A09C26 /* Preview Assets.xcassets */; };
		1A436976296EED9800A09C26 /* eyetick2Tests.swift in Sources */ = {isa = PBXBuildFile; fileRef = 1A436975296EED9800A09C26 /* eyetick2Tests.swift */; };
		1A436980296EED9800A09C26 /* eyetick2UITests.swift in Sources */ = {isa = PBXBuildFile; fileRef = 1A43697F296EED9800A09C26 /* eyetick2UITests.swift */; };
		1A436982296EED9800A09C26 /* eyetick2UITestsLaunchTests.swift in Sources */ = {isa = PBXBuildFile; fileRef = 1A436981296EED9800A09C26 /* eyetick2UITestsLaunchTests.swift */; };
		1A43698F296EFA5A00A09C26 /* onboadring2.swift in Sources */ = {isa = PBXBuildFile; fileRef = 1A43698E296EFA5A00A09C26 /* onboadring2.swift */; };
		1A436991296F055700A09C26 /* onboarding3.swift in Sources */ = {isa = PBXBuildFile; fileRef = 1A436990296F055700A09C26 /* onboarding3.swift */; };
		1A436993296F06A700A09C26 /* onboarding4.swift in Sources */ = {isa = PBXBuildFile; fileRef = 1A436992296F06A700A09C26 /* onboarding4.swift */; };
		1A4369DA2971728700A09C26 /* eyes.gif in Resources */ = {isa = PBXBuildFile; fileRef = 1A4369D92971728700A09C26 /* eyes.gif */; };
		1A4369ED2973255700A09C26 /* eyeTick.swift in Sources */ = {isa = PBXBuildFile; fileRef = 1A4369EC2973255700A09C26 /* eyeTick.swift */; };
		1A4369F22973278C00A09C26 /* resttime.mp3 in Resources */ = {isa = PBXBuildFile; fileRef = 1A4369F12973278C00A09C26 /* resttime.mp3 */; };
		1A4369F529732BD200A09C26 /* Localizable.strings in Resources */ = {isa = PBXBuildFile; fileRef = 1A4369F729732BD200A09C26 /* Localizable.strings */; };
/* End PBXBuildFile section */

/* Begin PBXContainerItemProxy section */
		1A436972296EED9800A09C26 /* PBXContainerItemProxy */ = {
			isa = PBXContainerItemProxy;
			containerPortal = 1A436958296EED9700A09C26 /* Project object */;
			proxyType = 1;
			remoteGlobalIDString = 1A43695F296EED9700A09C26;
			remoteInfo = eyetick2;
		};
		1A43697C296EED9800A09C26 /* PBXContainerItemProxy */ = {
			isa = PBXContainerItemProxy;
			containerPortal = 1A436958296EED9700A09C26 /* Project object */;
			proxyType = 1;
			remoteGlobalIDString = 1A43695F296EED9700A09C26;
			remoteInfo = eyetick2;
		};
/* End PBXContainerItemProxy section */

/* Begin PBXFileReference section */
		1A436960296EED9700A09C26 /* eyetick2.app */ = {isa = PBXFileReference; explicitFileType = wrapper.application; includeInIndex = 0; path = eyetick2.app; sourceTree = BUILT_PRODUCTS_DIR; };
		1A436963296EED9700A09C26 /* eyetick2App.swift */ = {isa = PBXFileReference; lastKnownFileType = sourcecode.swift; path = eyetick2App.swift; sourceTree = "<group>"; };
		1A436965296EED9700A09C26 /* ContentView.swift */ = {isa = PBXFileReference; lastKnownFileType = sourcecode.swift; path = ContentView.swift; sourceTree = "<group>"; };
		1A436967296EED9800A09C26 /* Assets.xcassets */ = {isa = PBXFileReference; lastKnownFileType = folder.assetcatalog; path = Assets.xcassets; sourceTree = "<group>"; };
		1A436969296EED9800A09C26 /* eyetick2.entitlements */ = {isa = PBXFileReference; lastKnownFileType = text.plist.entitlements; path = eyetick2.entitlements; sourceTree = "<group>"; };
		1A43696B296EED9800A09C26 /* Preview Assets.xcassets */ = {isa = PBXFileReference; lastKnownFileType = folder.assetcatalog; path = "Preview Assets.xcassets"; sourceTree = "<group>"; };
		1A436971296EED9800A09C26 /* eyetick2Tests.xctest */ = {isa = PBXFileReference; explicitFileType = wrapper.cfbundle; includeInIndex = 0; path = eyetick2Tests.xctest; sourceTree = BUILT_PRODUCTS_DIR; };
		1A436975296EED9800A09C26 /* eyetick2Tests.swift */ = {isa = PBXFileReference; lastKnownFileType = sourcecode.swift; path = eyetick2Tests.swift; sourceTree = "<group>"; };
		1A43697B296EED9800A09C26 /* eyetick2UITests.xctest */ = {isa = PBXFileReference; explicitFileType = wrapper.cfbundle; includeInIndex = 0; path = eyetick2UITests.xctest; sourceTree = BUILT_PRODUCTS_DIR; };
		1A43697F296EED9800A09C26 /* eyetick2UITests.swift */ = {isa = PBXFileReference; lastKnownFileType = sourcecode.swift; path = eyetick2UITests.swift; sourceTree = "<group>"; };
		1A436981296EED9800A09C26 /* eyetick2UITestsLaunchTests.swift */ = {isa = PBXFileReference; lastKnownFileType = sourcecode.swift; path = eyetick2UITestsLaunchTests.swift; sourceTree = "<group>"; };
		1A43698E296EFA5A00A09C26 /* onboadring2.swift */ = {isa = PBXFileReference; lastKnownFileType = sourcecode.swift; path = onboadring2.swift; sourceTree = "<group>"; };
		1A436990296F055700A09C26 /* onboarding3.swift */ = {isa = PBXFileReference; lastKnownFileType = sourcecode.swift; path = onboarding3.swift; sourceTree = "<group>"; };
		1A436992296F06A700A09C26 /* onboarding4.swift */ = {isa = PBXFileReference; lastKnownFileType = sourcecode.swift; path = onboarding4.swift; sourceTree = "<group>"; };
		1A4369D92971728700A09C26 /* eyes.gif */ = {isa = PBXFileReference; lastKnownFileType = image.gif; path = eyes.gif; sourceTree = "<group>"; };
		1A4369EC2973255700A09C26 /* eyeTick.swift */ = {isa = PBXFileReference; lastKnownFileType = sourcecode.swift; path = eyeTick.swift; sourceTree = "<group>"; };
		1A4369F12973278C00A09C26 /* resttime.mp3 */ = {isa = PBXFileReference; lastKnownFileType = audio.mp3; path = resttime.mp3; sourceTree = "<group>"; };
		1A4369F629732BD200A09C26 /* en */ = {isa = PBXFileReference; lastKnownFileType = text.plist.strings; name = en; path = en.lproj/Localizable.strings; sourceTree = "<group>"; };
		1A4369F829732BD700A09C26 /* ar */ = {isa = PBXFileReference; lastKnownFileType = text.plist.strings; name = ar; path = ar.lproj/Localizable.strings; sourceTree = "<group>"; };
/* End PBXFileReference section */

/* Begin PBXFrameworksBuildPhase section */
		1A43695D296EED9700A09C26 /* Frameworks */ = {
			isa = PBXFrameworksBuildPhase;
			buildActionMask = 2147483647;
			files = (
			);
			runOnlyForDeploymentPostprocessing = 0;
		};
		1A43696E296EED9800A09C26 /* Frameworks */ = {
			isa = PBXFrameworksBuildPhase;
			buildActionMask = 2147483647;
			files = (
			);
			runOnlyForDeploymentPostprocessing = 0;
		};
		1A436978296EED9800A09C26 /* Frameworks */ = {
			isa = PBXFrameworksBuildPhase;
			buildActionMask = 2147483647;
			files = (
			);
			runOnlyForDeploymentPostprocessing = 0;
		};
/* End PBXFrameworksBuildPhase section */

/* Begin PBXGroup section */
		1A436957296EED9700A09C26 = {
			isa = PBXGroup;
			children = (
				1A436992296F06A700A09C26 /* onboarding4.swift */,
				1A436990296F055700A09C26 /* onboarding3.swift */,
				1A43698E296EFA5A00A09C26 /* onboadring2.swift */,
				1A436962296EED9700A09C26 /* eyetick2 */,
				1A436974296EED9800A09C26 /* eyetick2Tests */,
				1A43697E296EED9800A09C26 /* eyetick2UITests */,
				1A436961296EED9700A09C26 /* Products */,
			);
			sourceTree = "<group>";
		};
		1A436961296EED9700A09C26 /* Products */ = {
			isa = PBXGroup;
			children = (
				1A436960296EED9700A09C26 /* eyetick2.app */,
				1A436971296EED9800A09C26 /* eyetick2Tests.xctest */,
				1A43697B296EED9800A09C26 /* eyetick2UITests.xctest */,
			);
			name = Products;
			sourceTree = "<group>";
		};
		1A436962296EED9700A09C26 /* eyetick2 */ = {
			isa = PBXGroup;
			children = (
				1A4369EE297325F200A09C26 /* Sound */,
				1A436963296EED9700A09C26 /* eyetick2App.swift */,
				1A436965296EED9700A09C26 /* ContentView.swift */,
				1A4369EC2973255700A09C26 /* eyeTick.swift */,
				1A4369F729732BD200A09C26 /* Localizable.strings */,
				1A436967296EED9800A09C26 /* Assets.xcassets */,
				1A436969296EED9800A09C26 /* eyetick2.entitlements */,
				1A43696A296EED9800A09C26 /* Preview Content */,
			);
			path = eyetick2;
			sourceTree = "<group>";
		};
		1A43696A296EED9800A09C26 /* Preview Content */ = {
			isa = PBXGroup;
			children = (
				1A43696B296EED9800A09C26 /* Preview Assets.xcassets */,
			);
			path = "Preview Content";
			sourceTree = "<group>";
		};
		1A436974296EED9800A09C26 /* eyetick2Tests */ = {
			isa = PBXGroup;
			children = (
				1A436975296EED9800A09C26 /* eyetick2Tests.swift */,
			);
			path = eyetick2Tests;
			sourceTree = "<group>";
		};
		1A43697E296EED9800A09C26 /* eyetick2UITests */ = {
			isa = PBXGroup;
			children = (
				1A4369D92971728700A09C26 /* eyes.gif */,
				1A43697F296EED9800A09C26 /* eyetick2UITests.swift */,
				1A436981296EED9800A09C26 /* eyetick2UITestsLaunchTests.swift */,
			);
			path = eyetick2UITests;
			sourceTree = "<group>";
		};
		1A4369EE297325F200A09C26 /* Sound */ = {
			isa = PBXGroup;
			children = (
				1A4369F12973278C00A09C26 /* resttime.mp3 */,
			);
			path = Sound;
			sourceTree = "<group>";
		};
/* End PBXGroup section */

/* Begin PBXNativeTarget section */
		1A43695F296EED9700A09C26 /* eyetick2 */ = {
			isa = PBXNativeTarget;
			buildConfigurationList = 1A436985296EED9800A09C26 /* Build configuration list for PBXNativeTarget "eyetick2" */;
			buildPhases = (
				1A43695C296EED9700A09C26 /* Sources */,
				1A43695D296EED9700A09C26 /* Frameworks */,
				1A43695E296EED9700A09C26 /* Resources */,
			);
			buildRules = (
			);
			dependencies = (
			);
			name = eyetick2;
			productName = eyetick2;
			productReference = 1A436960296EED9700A09C26 /* eyetick2.app */;
			productType = "com.apple.product-type.application";
		};
		1A436970296EED9800A09C26 /* eyetick2Tests */ = {
			isa = PBXNativeTarget;
			buildConfigurationList = 1A436988296EED9800A09C26 /* Build configuration list for PBXNativeTarget "eyetick2Tests" */;
			buildPhases = (
				1A43696D296EED9800A09C26 /* Sources */,
				1A43696E296EED9800A09C26 /* Frameworks */,
				1A43696F296EED9800A09C26 /* Resources */,
			);
			buildRules = (
			);
			dependencies = (
				1A436973296EED9800A09C26 /* PBXTargetDependency */,
			);
			name = eyetick2Tests;
			productName = eyetick2Tests;
			productReference = 1A436971296EED9800A09C26 /* eyetick2Tests.xctest */;
			productType = "com.apple.product-type.bundle.unit-test";
		};
		1A43697A296EED9800A09C26 /* eyetick2UITests */ = {
			isa = PBXNativeTarget;
			buildConfigurationList = 1A43698B296EED9800A09C26 /* Build configuration list for PBXNativeTarget "eyetick2UITests" */;
			buildPhases = (
				1A436977296EED9800A09C26 /* Sources */,
				1A436978296EED9800A09C26 /* Frameworks */,
				1A436979296EED9800A09C26 /* Resources */,
			);
			buildRules = (
			);
			dependencies = (
				1A43697D296EED9800A09C26 /* PBXTargetDependency */,
			);
			name = eyetick2UITests;
			productName = eyetick2UITests;
			productReference = 1A43697B296EED9800A09C26 /* eyetick2UITests.xctest */;
			productType = "com.apple.product-type.bundle.ui-testing";
		};
/* End PBXNativeTarget section */

/* Begin PBXProject section */
		1A436958296EED9700A09C26 /* Project object */ = {
			isa = PBXProject;
			attributes = {
				BuildIndependentTargetsInParallel = 1;
				LastSwiftUpdateCheck = 1420;
				LastUpgradeCheck = 1420;
				TargetAttributes = {
					1A43695F296EED9700A09C26 = {
						CreatedOnToolsVersion = 14.2;
					};
					1A436970296EED9800A09C26 = {
						CreatedOnToolsVersion = 14.2;
						TestTargetID = 1A43695F296EED9700A09C26;
					};
					1A43697A296EED9800A09C26 = {
						CreatedOnToolsVersion = 14.2;
						TestTargetID = 1A43695F296EED9700A09C26;
					};
				};
			};
			buildConfigurationList = 1A43695B296EED9700A09C26 /* Build configuration list for PBXProject "eyetick2" */;
			compatibilityVersion = "Xcode 14.0";
			developmentRegion = en;
			hasScannedForEncodings = 0;
			knownRegions = (
				en,
				Base,
				ar,
			);
			mainGroup = 1A436957296EED9700A09C26;
			productRefGroup = 1A436961296EED9700A09C26 /* Products */;
			projectDirPath = "";
			projectRoot = "";
			targets = (
				1A43695F296EED9700A09C26 /* eyetick2 */,
				1A436970296EED9800A09C26 /* eyetick2Tests */,
				1A43697A296EED9800A09C26 /* eyetick2UITests */,
			);
		};
/* End PBXProject section */

/* Begin PBXResourcesBuildPhase section */
		1A43695E296EED9700A09C26 /* Resources */ = {
			isa = PBXResourcesBuildPhase;
			buildActionMask = 2147483647;
			files = (
				1A43696C296EED9800A09C26 /* Preview Assets.xcassets in Resources */,
				1A4369F529732BD200A09C26 /* Localizable.strings in Resources */,
				1A4369F22973278C00A09C26 /* resttime.mp3 in Resources */,
				1A436968296EED9800A09C26 /* Assets.xcassets in Resources */,
			);
			runOnlyForDeploymentPostprocessing = 0;
		};
		1A43696F296EED9800A09C26 /* Resources */ = {
			isa = PBXResourcesBuildPhase;
			buildActionMask = 2147483647;
			files = (
			);
			runOnlyForDeploymentPostprocessing = 0;
		};
		1A436979296EED9800A09C26 /* Resources */ = {
			isa = PBXResourcesBuildPhase;
			buildActionMask = 2147483647;
			files = (
				1A4369DA2971728700A09C26 /* eyes.gif in Resources */,
			);
			runOnlyForDeploymentPostprocessing = 0;
		};
/* End PBXResourcesBuildPhase section */

/* Begin PBXSourcesBuildPhase section */
		1A43695C296EED9700A09C26 /* Sources */ = {
			isa = PBXSourcesBuildPhase;
			buildActionMask = 2147483647;
			files = (
				1A4369ED2973255700A09C26 /* eyeTick.swift in Sources */,
				1A43698F296EFA5A00A09C26 /* onboadring2.swift in Sources */,
				1A436993296F06A700A09C26 /* onboarding4.swift in Sources */,
				1A436966296EED9700A09C26 /* ContentView.swift in Sources */,
				1A436991296F055700A09C26 /* onboarding3.swift in Sources */,
				1A436964296EED9700A09C26 /* eyetick2App.swift in Sources */,
			);
			runOnlyForDeploymentPostprocessing = 0;
		};
		1A43696D296EED9800A09C26 /* Sources */ = {
			isa = PBXSourcesBuildPhase;
			buildActionMask = 2147483647;
			files = (
				1A436976296EED9800A09C26 /* eyetick2Tests.swift in Sources */,
			);
			runOnlyForDeploymentPostprocessing = 0;
		};
		1A436977296EED9800A09C26 /* Sources */ = {
			isa = PBXSourcesBuildPhase;
			buildActionMask = 2147483647;
			files = (
				1A436982296EED9800A09C26 /* eyetick2UITestsLaunchTests.swift in Sources */,
				1A436980296EED9800A09C26 /* eyetick2UITests.swift in Sources */,
			);
			runOnlyForDeploymentPostprocessing = 0;
		};
/* End PBXSourcesBuildPhase section */

/* Begin PBXTargetDependency section */
		1A436973296EED9800A09C26 /* PBXTargetDependency */ = {
			isa = PBXTargetDependency;
			target = 1A43695F296EED9700A09C26 /* eyetick2 */;
			targetProxy = 1A436972296EED9800A09C26 /* PBXContainerItemProxy */;
		};
		1A43697D296EED9800A09C26 /* PBXTargetDependency */ = {
			isa = PBXTargetDependency;
			target = 1A43695F296EED9700A09C26 /* eyetick2 */;
			targetProxy = 1A43697C296EED9800A09C26 /* PBXContainerItemProxy */;
		};
/* End PBXTargetDependency section */

/* Begin PBXVariantGroup section */
		1A4369F729732BD200A09C26 /* Localizable.strings */ = {
			isa = PBXVariantGroup;
			children = (
				1A4369F629732BD200A09C26 /* en */,
				1A4369F829732BD700A09C26 /* ar */,
			);
			name = Localizable.strings;
			sourceTree = "<group>";
		};
/* End PBXVariantGroup section */

/* Begin XCBuildConfiguration section */
		1A436983296EED9800A09C26 /* Debug */ = {
			isa = XCBuildConfiguration;
			buildSettings = {
				ALWAYS_SEARCH_USER_PATHS = NO;
				CLANG_ANALYZER_NONNULL = YES;
				CLANG_ANALYZER_NUMBER_OBJECT_CONVERSION = YES_AGGRESSIVE;
				CLANG_CXX_LANGUAGE_STANDARD = "gnu++20";
				CLANG_ENABLE_MODULES = YES;
				CLANG_ENABLE_OBJC_ARC = YES;
				CLANG_ENABLE_OBJC_WEAK = YES;
				CLANG_WARN_BLOCK_CAPTURE_AUTORELEASING = YES;
				CLANG_WARN_BOOL_CONVERSION = YES;
				CLANG_WARN_COMMA = YES;
				CLANG_WARN_CONSTANT_CONVERSION = YES;
				CLANG_WARN_DEPRECATED_OBJC_IMPLEMENTATIONS = YES;
				CLANG_WARN_DIRECT_OBJC_ISA_USAGE = YES_ERROR;
				CLANG_WARN_DOCUMENTATION_COMMENTS = YES;
				CLANG_WARN_EMPTY_BODY = YES;
				CLANG_WARN_ENUM_CONVERSION = YES;
				CLANG_WARN_INFINITE_RECURSION = YES;
				CLANG_WARN_INT_CONVERSION = YES;
				CLANG_WARN_NON_LITERAL_NULL_CONVERSION = YES;
				CLANG_WARN_OBJC_IMPLICIT_RETAIN_SELF = YES;
				CLANG_WARN_OBJC_LITERAL_CONVERSION = YES;
				CLANG_WARN_OBJC_ROOT_CLASS = YES_ERROR;
				CLANG_WARN_QUOTED_INCLUDE_IN_FRAMEWORK_HEADER = YES;
				CLANG_WARN_RANGE_LOOP_ANALYSIS = YES;
				CLANG_WARN_STRICT_PROTOTYPES = YES;
				CLANG_WARN_SUSPICIOUS_MOVE = YES;
				CLANG_WARN_UNGUARDED_AVAILABILITY = YES_AGGRESSIVE;
				CLANG_WARN_UNREACHABLE_CODE = YES;
				CLANG_WARN__DUPLICATE_METHOD_MATCH = YES;
				COPY_PHASE_STRIP = NO;
				DEBUG_INFORMATION_FORMAT = dwarf;
				ENABLE_STRICT_OBJC_MSGSEND = YES;
				ENABLE_TESTABILITY = YES;
				GCC_C_LANGUAGE_STANDARD = gnu11;
				GCC_DYNAMIC_NO_PIC = NO;
				GCC_NO_COMMON_BLOCKS = YES;
				GCC_OPTIMIZATION_LEVEL = 0;
				GCC_PREPROCESSOR_DEFINITIONS = (
					"DEBUG=1",
					"$(inherited)",
				);
				GCC_WARN_64_TO_32_BIT_CONVERSION = YES;
				GCC_WARN_ABOUT_RETURN_TYPE = YES_ERROR;
				GCC_WARN_UNDECLARED_SELECTOR = YES;
				GCC_WARN_UNINITIALIZED_AUTOS = YES_AGGRESSIVE;
				GCC_WARN_UNUSED_FUNCTION = YES;
				GCC_WARN_UNUSED_VARIABLE = YES;
				MTL_ENABLE_DEBUG_INFO = INCLUDE_SOURCE;
				MTL_FAST_MATH = YES;
				ONLY_ACTIVE_ARCH = YES;
				SWIFT_ACTIVE_COMPILATION_CONDITIONS = DEBUG;
				SWIFT_OPTIMIZATION_LEVEL = "-Onone";
			};
			name = Debug;
		};
		1A436984296EED9800A09C26 /* Release */ = {
			isa = XCBuildConfiguration;
			buildSettings = {
				ALWAYS_SEARCH_USER_PATHS = NO;
				CLANG_ANALYZER_NONNULL = YES;
				CLANG_ANALYZER_NUMBER_OBJECT_CONVERSION = YES_AGGRESSIVE;
				CLANG_CXX_LANGUAGE_STANDARD = "gnu++20";
				CLANG_ENABLE_MODULES = YES;
				CLANG_ENABLE_OBJC_ARC = YES;
				CLANG_ENABLE_OBJC_WEAK = YES;
				CLANG_WARN_BLOCK_CAPTURE_AUTORELEASING = YES;
				CLANG_WARN_BOOL_CONVERSION = YES;
				CLANG_WARN_COMMA = YES;
				CLANG_WARN_CONSTANT_CONVERSION = YES;
				CLANG_WARN_DEPRECATED_OBJC_IMPLEMENTATIONS = YES;
				CLANG_WARN_DIRECT_OBJC_ISA_USAGE = YES_ERROR;
				CLANG_WARN_DOCUMENTATION_COMMENTS = YES;
				CLANG_WARN_EMPTY_BODY = YES;
				CLANG_WARN_ENUM_CONVERSION = YES;
				CLANG_WARN_INFINITE_RECURSION = YES;
				CLANG_WARN_INT_CONVERSION = YES;
				CLANG_WARN_NON_LITERAL_NULL_CONVERSION = YES;
				CLANG_WARN_OBJC_IMPLICIT_RETAIN_SELF = YES;
				CLANG_WARN_OBJC_LITERAL_CONVERSION = YES;
				CLANG_WARN_OBJC_ROOT_CLASS = YES_ERROR;
				CLANG_WARN_QUOTED_INCLUDE_IN_FRAMEWORK_HEADER = YES;
				CLANG_WARN_RANGE_LOOP_ANALYSIS = YES;
				CLANG_WARN_STRICT_PROTOTYPES = YES;
				CLANG_WARN_SUSPICIOUS_MOVE = YES;
				CLANG_WARN_UNGUARDED_AVAILABILITY = YES_AGGRESSIVE;
				CLANG_WARN_UNREACHABLE_CODE = YES;
				CLANG_WARN__DUPLICATE_METHOD_MATCH = YES;
				COPY_PHASE_STRIP = NO;
				DEBUG_INFORMATION_FORMAT = "dwarf-with-dsym";
				ENABLE_NS_ASSERTIONS = NO;
				ENABLE_STRICT_OBJC_MSGSEND = YES;
				GCC_C_LANGUAGE_STANDARD = gnu11;
				GCC_NO_COMMON_BLOCKS = YES;
				GCC_WARN_64_TO_32_BIT_CONVERSION = YES;
				GCC_WARN_ABOUT_RETURN_TYPE = YES_ERROR;
				GCC_WARN_UNDECLARED_SELECTOR = YES;
				GCC_WARN_UNINITIALIZED_AUTOS = YES_AGGRESSIVE;
				GCC_WARN_UNUSED_FUNCTION = YES;
				GCC_WARN_UNUSED_VARIABLE = YES;
				MTL_ENABLE_DEBUG_INFO = NO;
				MTL_FAST_MATH = YES;
				SWIFT_COMPILATION_MODE = wholemodule;
				SWIFT_OPTIMIZATION_LEVEL = "-O";
			};
			name = Release;
		};
		1A436986296EED9800A09C26 /* Debug */ = {
			isa = XCBuildConfiguration;
			buildSettings = {
				ASSETCATALOG_COMPILER_APPICON_NAME = AppIcon;
				ASSETCATALOG_COMPILER_GLOBAL_ACCENT_COLOR_NAME = AccentColor;
				CODE_SIGN_ENTITLEMENTS = eyetick2/eyetick2.entitlements;
				CODE_SIGN_STYLE = Automatic;
				CURRENT_PROJECT_VERSION = 1;
				DEVELOPMENT_ASSET_PATHS = "\"eyetick2/Preview Content\"";
				ENABLE_PREVIEWS = YES;
				GENERATE_INFOPLIST_FILE = YES;
				"INFOPLIST_KEY_UIApplicationSceneManifest_Generation[sdk=iphoneos*]" = YES;
				"INFOPLIST_KEY_UIApplicationSceneManifest_Generation[sdk=iphonesimulator*]" = YES;
				"INFOPLIST_KEY_UIApplicationSupportsIndirectInputEvents[sdk=iphoneos*]" = YES;
				"INFOPLIST_KEY_UIApplicationSupportsIndirectInputEvents[sdk=iphonesimulator*]" = YES;
				"INFOPLIST_KEY_UILaunchScreen_Generation[sdk=iphoneos*]" = YES;
				"INFOPLIST_KEY_UILaunchScreen_Generation[sdk=iphonesimulator*]" = YES;
				"INFOPLIST_KEY_UIStatusBarStyle[sdk=iphoneos*]" = UIStatusBarStyleDefault;
				"INFOPLIST_KEY_UIStatusBarStyle[sdk=iphonesimulator*]" = UIStatusBarStyleDefault;
				INFOPLIST_KEY_UISupportedInterfaceOrientations_iPad = "UIInterfaceOrientationPortrait UIInterfaceOrientationPortraitUpsideDown UIInterfaceOrientationLandscapeLeft UIInterfaceOrientationLandscapeRight";
				INFOPLIST_KEY_UISupportedInterfaceOrientations_iPhone = "UIInterfaceOrientationPortrait UIInterfaceOrientationLandscapeLeft UIInterfaceOrientationLandscapeRight";
				IPHONEOS_DEPLOYMENT_TARGET = 16.2;
				LD_RUNPATH_SEARCH_PATHS = "@executable_path/Frameworks";
				"LD_RUNPATH_SEARCH_PATHS[sdk=macosx*]" = "@executable_path/../Frameworks";
				MACOSX_DEPLOYMENT_TARGET = 13.0;
				MARKETING_VERSION = 1.0;
				PRODUCT_BUNDLE_IDENTIFIER = twaiq.eyetick2;
				PRODUCT_NAME = "$(TARGET_NAME)";
				SDKROOT = auto;
				SUPPORTED_PLATFORMS = "iphoneos iphonesimulator macosx";
				SWIFT_EMIT_LOC_STRINGS = YES;
				SWIFT_VERSION = 5.0;
				TARGETED_DEVICE_FAMILY = "1,2";
			};
			name = Debug;
		};
		1A436987296EED9800A09C26 /* Release */ = {
			isa = XCBuildConfiguration;
			buildSettings = {
				ASSETCATALOG_COMPILER_APPICON_NAME = AppIcon;
				ASSETCATALOG_COMPILER_GLOBAL_ACCENT_COLOR_NAME = AccentColor;
				CODE_SIGN_ENTITLEMENTS = eyetick2/eyetick2.entitlements;
				CODE_SIGN_STYLE = Automatic;
				CURRENT_PROJECT_VERSION = 1;
				DEVELOPMENT_ASSET_PATHS = "\"eyetick2/Preview Content\"";
				ENABLE_PREVIEWS = YES;
				GENERATE_INFOPLIST_FILE = YES;
				"INFOPLIST_KEY_UIApplicationSceneManifest_Generation[sdk=iphoneos*]" = YES;
				"INFOPLIST_KEY_UIApplicationSceneManifest_Generation[sdk=iphonesimulator*]" = YES;
				"INFOPLIST_KEY_UIApplicationSupportsIndirectInputEvents[sdk=iphoneos*]" = YES;
				"INFOPLIST_KEY_UIApplicationSupportsIndirectInputEvents[sdk=iphonesimulator*]" = YES;
				"INFOPLIST_KEY_UILaunchScreen_Generation[sdk=iphoneos*]" = YES;
				"INFOPLIST_KEY_UILaunchScreen_Generation[sdk=iphonesimulator*]" = YES;
				"INFOPLIST_KEY_UIStatusBarStyle[sdk=iphoneos*]" = UIStatusBarStyleDefault;
				"INFOPLIST_KEY_UIStatusBarStyle[sdk=iphonesimulator*]" = UIStatusBarStyleDefault;
				INFOPLIST_KEY_UISupportedInterfaceOrientations_iPad = "UIInterfaceOrientationPortrait UIInterfaceOrientationPortraitUpsideDown UIInterfaceOrientationLandscapeLeft UIInterfaceOrientationLandscapeRight";
				INFOPLIST_KEY_UISupportedInterfaceOrientations_iPhone = "UIInterfaceOrientationPortrait UIInterfaceOrientationLandscapeLeft UIInterfaceOrientationLandscapeRight";
				IPHONEOS_DEPLOYMENT_TARGET = 16.2;
				LD_RUNPATH_SEARCH_PATHS = "@executable_path/Frameworks";
				"LD_RUNPATH_SEARCH_PATHS[sdk=macosx*]" = "@executable_path/../Frameworks";
				MACOSX_DEPLOYMENT_TARGET = 13.0;
				MARKETING_VERSION = 1.0;
				PRODUCT_BUNDLE_IDENTIFIER = twaiq.eyetick2;
				PRODUCT_NAME = "$(TARGET_NAME)";
				SDKROOT = auto;
				SUPPORTED_PLATFORMS = "iphoneos iphonesimulator macosx";
				SWIFT_EMIT_LOC_STRINGS = YES;
				SWIFT_VERSION = 5.0;
				TARGETED_DEVICE_FAMILY = "1,2";
			};
			name = Release;
		};
		1A436989296EED9800A09C26 /* Debug */ = {
			isa = XCBuildConfiguration;
			buildSettings = {
				ALWAYS_EMBED_SWIFT_STANDARD_LIBRARIES = YES;
				BUNDLE_LOADER = "$(TEST_HOST)";
				CODE_SIGN_STYLE = Automatic;
				CURRENT_PROJECT_VERSION = 1;
				GENERATE_INFOPLIST_FILE = YES;
				IPHONEOS_DEPLOYMENT_TARGET = 16.2;
				MACOSX_DEPLOYMENT_TARGET = 13.0;
				MARKETING_VERSION = 1.0;
				PRODUCT_BUNDLE_IDENTIFIER = twaiq.eyetick2Tests;
				PRODUCT_NAME = "$(TARGET_NAME)";
				SDKROOT = auto;
				SUPPORTED_PLATFORMS = "iphoneos iphonesimulator macosx";
				SWIFT_EMIT_LOC_STRINGS = NO;
				SWIFT_VERSION = 5.0;
				TARGETED_DEVICE_FAMILY = "1,2";
				TEST_HOST = "$(BUILT_PRODUCTS_DIR)/eyetick2.app/$(BUNDLE_EXECUTABLE_FOLDER_PATH)/eyetick2";
			};
			name = Debug;
		};
		1A43698A296EED9800A09C26 /* Release */ = {
			isa = XCBuildConfiguration;
			buildSettings = {
				ALWAYS_EMBED_SWIFT_STANDARD_LIBRARIES = YES;
				BUNDLE_LOADER = "$(TEST_HOST)";
				CODE_SIGN_STYLE = Automatic;
				CURRENT_PROJECT_VERSION = 1;
				GENERATE_INFOPLIST_FILE = YES;
				IPHONEOS_DEPLOYMENT_TARGET = 16.2;
				MACOSX_DEPLOYMENT_TARGET = 13.0;
				MARKETING_VERSION = 1.0;
				PRODUCT_BUNDLE_IDENTIFIER = twaiq.eyetick2Tests;
				PRODUCT_NAME = "$(TARGET_NAME)";
				SDKROOT = auto;
				SUPPORTED_PLATFORMS = "iphoneos iphonesimulator macosx";
				SWIFT_EMIT_LOC_STRINGS = NO;
				SWIFT_VERSION = 5.0;
				TARGETED_DEVICE_FAMILY = "1,2";
				TEST_HOST = "$(BUILT_PRODUCTS_DIR)/eyetick2.app/$(BUNDLE_EXECUTABLE_FOLDER_PATH)/eyetick2";
			};
			name = Release;
		};
		1A43698C296EED9800A09C26 /* Debug */ = {
			isa = XCBuildConfiguration;
			buildSettings = {
				ALWAYS_EMBED_SWIFT_STANDARD_LIBRARIES = YES;
				CODE_SIGN_STYLE = Automatic;
				CURRENT_PROJECT_VERSION = 1;
				GENERATE_INFOPLIST_FILE = YES;
				IPHONEOS_DEPLOYMENT_TARGET = 16.2;
				MACOSX_DEPLOYMENT_TARGET = 13.0;
				MARKETING_VERSION = 1.0;
				PRODUCT_BUNDLE_IDENTIFIER = twaiq.eyetick2UITests;
				PRODUCT_NAME = "$(TARGET_NAME)";
				SDKROOT = auto;
				SUPPORTED_PLATFORMS = "iphoneos iphonesimulator macosx";
				SWIFT_EMIT_LOC_STRINGS = NO;
				SWIFT_VERSION = 5.0;
				TARGETED_DEVICE_FAMILY = "1,2";
				TEST_TARGET_NAME = eyetick2;
			};
			name = Debug;
		};
		1A43698D296EED9800A09C26 /* Release */ = {
			isa = XCBuildConfiguration;
			buildSettings = {
				ALWAYS_EMBED_SWIFT_STANDARD_LIBRARIES = YES;
				CODE_SIGN_STYLE = Automatic;
				CURRENT_PROJECT_VERSION = 1;
				GENERATE_INFOPLIST_FILE = YES;
				IPHONEOS_DEPLOYMENT_TARGET = 16.2;
				MACOSX_DEPLOYMENT_TARGET = 13.0;
				MARKETING_VERSION = 1.0;
				PRODUCT_BUNDLE_IDENTIFIER = twaiq.eyetick2UITests;
				PRODUCT_NAME = "$(TARGET_NAME)";
				SDKROOT = auto;
				SUPPORTED_PLATFORMS = "iphoneos iphonesimulator macosx";
				SWIFT_EMIT_LOC_STRINGS = NO;
				SWIFT_VERSION = 5.0;
				TARGETED_DEVICE_FAMILY = "1,2";
				TEST_TARGET_NAME = eyetick2;
			};
			name = Release;
		};
/* End XCBuildConfiguration section */

/* Begin XCConfigurationList section */
		1A43695B296EED9700A09C26 /* Build configuration list for PBXProject "eyetick2" */ = {
			isa = XCConfigurationList;
			buildConfigurations = (
				1A436983296EED9800A09C26 /* Debug */,
				1A436984296EED9800A09C26 /* Release */,
			);
			defaultConfigurationIsVisible = 0;
			defaultConfigurationName = Release;
		};
		1A436985296EED9800A09C26 /* Build configuration list for PBXNativeTarget "eyetick2" */ = {
			isa = XCConfigurationList;
			buildConfigurations = (
				1A436986296EED9800A09C26 /* Debug */,
				1A436987296EED9800A09C26 /* Release */,
			);
			defaultConfigurationIsVisible = 0;
			defaultConfigurationName = Release;
		};
		1A436988296EED9800A09C26 /* Build configuration list for PBXNativeTarget "eyetick2Tests" */ = {
			isa = XCConfigurationList;
			buildConfigurations = (
				1A436989296EED9800A09C26 /* Debug */,
				1A43698A296EED9800A09C26 /* Release */,
			);
			defaultConfigurationIsVisible = 0;
			defaultConfigurationName = Release;
		};
		1A43698B296EED9800A09C26 /* Build configuration list for PBXNativeTarget "eyetick2UITests" */ = {
			isa = XCConfigurationList;
			buildConfigurations = (
				1A43698C296EED9800A09C26 /* Debug */,
				1A43698D296EED9800A09C26 /* Release */,
			);
			defaultConfigurationIsVisible = 0;
			defaultConfigurationName = Release;
		};
/* End XCConfigurationList section */
	};
	rootObject = 1A436958296EED9700A09C26 /* Project object */;
}
